{
  "name": "text",
  "version": "1.0.0",
  "lockfileVersion": 2,
  "requires": true,
  "packages": {
    "": {
      "name": "text",
      "version": "1.0.0",
      "license": "ISC",
      "dependencies": {
        "@tensorflow-models/qna": "file:../dist"
      }
    },
    "../dist": {},
    "node_modules/@tensorflow-models/qna": {
      "resolved": "../dist",
      "link": true
    }
  },
  "dependencies": {
    "@tensorflow-models/qna": {
      "version": "file:../dist"
    }
  }
}
